{
  "version": "5",
  "redirects": {
    "https://esm.sh/@supabase/functions-js@^2.0.0?target=denonext": "https://esm.sh/@supabase/functions-js@2.4.5?target=denonext",
    "https://esm.sh/@supabase/gotrue-js@^2.10.2?target=denonext": "https://esm.sh/@supabase/gotrue-js@2.71.1?target=denonext",
    "https://esm.sh/@supabase/node-fetch@^2.6.13?target=denonext": "https://esm.sh/@supabase/node-fetch@2.6.15?target=denonext",
    "https://esm.sh/@supabase/node-fetch@^2.6.14?target=denonext": "https://esm.sh/@supabase/node-fetch@2.6.15?target=denonext",
    "https://esm.sh/@supabase/postgrest-js@^1.1.1?target=denonext": "https://esm.sh/@supabase/postgrest-js@1.21.2?target=denonext",
    "https://esm.sh/@supabase/realtime-js@^2.4.0?target=denonext": "https://esm.sh/@supabase/realtime-js@2.15.2?target=denonext",
    "https://esm.sh/@supabase/storage-js@^2.1.0?target=denonext": "https://esm.sh/@supabase/storage-js@2.11.0?target=denonext",
    "https://esm.sh/tr46@~0.0.3?target=denonext": "https://esm.sh/tr46@0.0.3?target=denonext",
    "https://esm.sh/webidl-conversions@^3.0.0?target=denonext": "https://esm.sh/webidl-conversions@3.0.1?target=denonext",
    "https://esm.sh/whatwg-url@^5.0.0?target=denonext": "https://esm.sh/whatwg-url@5.0.0?target=denonext"
  },
  "remote": {
    "https://deno.land/std@0.168.0/async/abortable.ts": "80b2ac399f142cc528f95a037a7d0e653296352d95c681e284533765961de409",
    "https://deno.land/std@0.168.0/async/deadline.ts": "2c2deb53c7c28ca1dda7a3ad81e70508b1ebc25db52559de6b8636c9278fd41f",
    "https://deno.land/std@0.168.0/async/debounce.ts": "60301ffb37e730cd2d6f9dadfd0ecb2a38857681bd7aaf6b0a106b06e5210a98",
    "https://deno.land/std@0.168.0/async/deferred.ts": "77d3f84255c3627f1cc88699d8472b664d7635990d5358c4351623e098e917d6",
    "https://deno.land/std@0.168.0/async/delay.ts": "5a9bfba8de38840308a7a33786a0155a7f6c1f7a859558ddcec5fe06e16daf57",
    "https://deno.land/std@0.168.0/async/mod.ts": "7809ad4bb223e40f5fdc043e5c7ca04e0e25eed35c32c3c32e28697c553fa6d9",
    "https://deno.land/std@0.168.0/async/mux_async_iterator.ts": "770a0ff26c59f8bbbda6b703a2235f04e379f73238e8d66a087edc68c2a2c35f",
    "https://deno.land/std@0.168.0/async/pool.ts": "6854d8cd675a74c73391c82005cbbe4cc58183bddcd1fbbd7c2bcda42b61cf69",
    "https://deno.land/std@0.168.0/async/retry.ts": "e8e5173623915bbc0ddc537698fa418cf875456c347eda1ed453528645b42e67",
    "https://deno.land/std@0.168.0/async/tee.ts": "3a47cc4e9a940904fd4341f0224907e199121c80b831faa5ec2b054c6d2eff5e",
    "https://deno.land/std@0.168.0/encoding/base64.ts": "8605e018e49211efc767686f6f687827d7f5fd5217163e981d8d693105640d7a",
    "https://deno.land/std@0.168.0/http/server.ts": "e99c1bee8a3f6571ee4cdeb2966efad465b8f6fe62bec1bdb59c1f007cc4d155",
    "https://deno.land/x/imagescript@1.2.15/ImageScript.js": "9ce10c37a0e4fe43699689088c24f386fd401874057932bd57079ac729205038",
    "https://deno.land/x/imagescript@1.2.15/mod.ts": "18a6cb83c55e690c873505f6fe867364c678afb64934fe7aef593a6b92f79995",
    "https://deno.land/x/imagescript@1.2.15/png/src/crc.mjs": "5cf50de181d61dd00e66a240d811018ba5070afa8bba302f393604404604de84",
    "https://deno.land/x/imagescript@1.2.15/png/src/mem.mjs": "4968d400dae069b4bf0ef4767c1802fd2cc7d15d90eda4cfadf5b4cd19b96c6d",
    "https://deno.land/x/imagescript@1.2.15/png/src/png.mjs": "96ef0ceff1b5a6cd9304749e5f187b4ab238509fb5f9a8be8ee934240271ed8d",
    "https://deno.land/x/imagescript@1.2.15/png/src/zlib.mjs": "9867dc3fab1d31b664f9344b0d7e977f493d9c912a76c760d012ed2b89f7061c",
    "https://deno.land/x/imagescript@1.2.15/utils/buffer.js": "952cb1beb8827e50a493a5d1f29a4845e8c648789406d389dd51f51205ba02d8",
    "https://deno.land/x/imagescript@1.2.15/utils/crc32.js": "573d6222b3605890714ebc374e687ec2aa3e9a949223ea199483e47ca4864f7d",
    "https://deno.land/x/imagescript@1.2.15/utils/png.js": "fbed9117e0a70602645d70df9c103ff6e79c03e987bd5c1685dcb4200729b6de",
    "https://deno.land/x/imagescript@1.2.15/utils/wasm/font.js": "9e75d842608c057045698d6a7cdf5ffd27241b5cdea0391c89a1917b31294524",
    "https://deno.land/x/imagescript@1.2.15/utils/wasm/gif.js": "8b86f7b96486bb8ff50fbc7c7487f86cb5cef85e6acd71e1def78a1aa2f12e4f",
    "https://deno.land/x/imagescript@1.2.15/utils/wasm/jpeg.js": "75295e2fcf96b4f7bb894b3844fdaa8140d63169d28b466b5d5be89d59a7b6e6",
    "https://deno.land/x/imagescript@1.2.15/utils/wasm/png.js": "0659536a8dd8f892c8346e268b2754b4414fad0ec1e9794dfcde1ba1c804ee02",
    "https://deno.land/x/imagescript@1.2.15/utils/wasm/svg.js": "f5c8a9d1977b51a7c07549ceb6bbbaca9497321a193f28b3dc229a42d91bcf14",
    "https://deno.land/x/imagescript@1.2.15/utils/wasm/tiff.js": "c2d7bdaef094df25aae1752e75167f485e89275d76a1379e39d8949580b7af4f",
    "https://deno.land/x/imagescript@1.2.15/utils/wasm/zlib.js": "749875f83abffe24d3b977475a0cbd5f9b52bee1fbdbef61ec183cbfc17805f6",
    "https://deno.land/x/imagescript@1.2.15/v2/framebuffer.mjs": "add44ff184636659714b3c6d4b896f628545451abffbc30b5bcc2e8d9a73d012",
    "https://deno.land/x/imagescript@1.2.15/v2/ops/blur.mjs": "80716f1ffab8a2aeb54a036f583bf51a2b9dd37e005adc000add803df8e8a12f",
    "https://deno.land/x/imagescript@1.2.15/v2/ops/color.mjs": "5e72cdcbf97dc939a2795223f01e3cb0544c0c56b03ea2aa026050df58348814",
    "https://deno.land/x/imagescript@1.2.15/v2/ops/crop.mjs": "69431fa6f687fd9f0c31eff0ec27d7ac925275005e53a37f0c3fab4cc4d9a9ea",
    "https://deno.land/x/imagescript@1.2.15/v2/ops/fill.mjs": "cf1b9488314753fbc9ebf03410ac74c2a34ea5a69fb6892cd6e8366cd1930d93",
    "https://deno.land/x/imagescript@1.2.15/v2/ops/flip.mjs": "825a34a66567dcf15e76a719f1bf2f66fb106503cd69942292b1b0ae05c5718e",
    "https://deno.land/x/imagescript@1.2.15/v2/ops/index.mjs": "423ba687119be2bba8cec72890577d3afa3621b6b8108912242fe937a183f2aa",
    "https://deno.land/x/imagescript@1.2.15/v2/ops/iterator.mjs": "c2adf3d90ce00719a02c48c97634574176a3501ff026676259bd71aa8f5d69b9",
    "https://deno.land/x/imagescript@1.2.15/v2/ops/overlay.mjs": "7e6e2c2ffd25006d52597ab8babc5f8f503d388a3fdf2fbc0eaea02799a020c9",
    "https://deno.land/x/imagescript@1.2.15/v2/ops/resize.mjs": "814e78ebce8eaf8f1f918688db7b52a141405e06a36ed4b25d04413d69e7d17b",
    "https://deno.land/x/imagescript@1.2.15/v2/ops/rotate.mjs": "a1b65616717bd2eed8db406affea3263b4674dada46b56441ef38167a187455d",
    "https://deno.land/x/imagescript@1.2.15/v2/util/mem.mjs": "4968d400dae069b4bf0ef4767c1802fd2cc7d15d90eda4cfadf5b4cd19b96c6d",
    "https://esm.sh/@supabase/functions-js@2.4.5/denonext/functions-js.mjs": "acfcb4db90c292c335a9dbb5664485f5e0b680533d68e6942abb9387ec7e0d0b",
    "https://esm.sh/@supabase/functions-js@2.4.5?target=denonext": "436c192af672106cd6eda10f518ed49795c21e78af5eb0d7000507e0886c6afa",
    "https://esm.sh/@supabase/gotrue-js@2.71.1/denonext/gotrue-js.mjs": "746cca5b920c651d2c60d2163971f6a9153654508ec940a10af5111e38e43c5b",
    "https://esm.sh/@supabase/gotrue-js@2.71.1?target=denonext": "182ef71da6bbccf5696027c0ff2df5fae9151d7bc56a5925dd3b7f86c34b56a2",
    "https://esm.sh/@supabase/node-fetch@2.6.15/denonext/node-fetch.mjs": "0bae9052231f4f6dbccc7234d05ea96923dbf967be12f402764580b6bf9f713d",
    "https://esm.sh/@supabase/node-fetch@2.6.15?target=denonext": "4d28c4ad97328403184353f68434f2b6973971507919e9150297413664919cf3",
    "https://esm.sh/@supabase/postgrest-js@1.21.2/denonext/postgrest-js.mjs": "d5e94a194bdd4b452d85996df72325d2cf68f7fcdc392541beccd427c981551f",
    "https://esm.sh/@supabase/postgrest-js@1.21.2?target=denonext": "943d706ce3247832475378614c96c6037828b39eb3ec47b8c01da01f8848f82f",
    "https://esm.sh/@supabase/realtime-js@2.15.2/denonext/realtime-js.mjs": "d9dd7dfd87538a78c16f04754715319bd07a54bfb73d2b9f4aca3fe558391464",
    "https://esm.sh/@supabase/realtime-js@2.15.2?target=denonext": "66358c376c17fba336da401f3e180a58000a768e5cb2f308f3daf6b0bc27b3eb",
    "https://esm.sh/@supabase/storage-js@2.11.0/denonext/storage-js.mjs": "86f098636aef56302e6a7389b8eba859874180b0857661be196c3cce387b6461",
    "https://esm.sh/@supabase/storage-js@2.11.0?target=denonext": "d7e8b6651554f79445c88d1beaa8c5e2fcb960a6f67449e4903f532ea3301539",
    "https://esm.sh/@supabase/supabase-js@2.7.1": "be4ce96f1e7e5c9fc4b2b77a7feb75ac03796dd2c6988e99b229c0cefc28309b",
    "https://esm.sh/@supabase/supabase-js@2.7.1/denonext/supabase-js.mjs": "3339ff35cdcd52e7aa78a27067b632de460cb17a7e1853d8380544ba1548d04b",
    "https://esm.sh/tr46@0.0.3/denonext/tr46.mjs": "5753ec0a99414f4055f0c1f97691100f13d88e48a8443b00aebb90a512785fa2",
    "https://esm.sh/tr46@0.0.3?target=denonext": "19cb9be0f0d418a0c3abb81f2df31f080e9540a04e43b0f699bce1149cba0cbb",
    "https://esm.sh/webidl-conversions@3.0.1/denonext/webidl-conversions.mjs": "54b5c2d50a294853c4ccebf9d5ed8988c94f4e24e463d84ec859a866ea5fafec",
    "https://esm.sh/webidl-conversions@3.0.1?target=denonext": "4e20318d50528084616c79d7b3f6e7f0fe7b6d09013bd01b3974d7448d767e29",
    "https://esm.sh/whatwg-url@5.0.0/denonext/whatwg-url.mjs": "29b16d74ee72624c915745bbd25b617cfd2248c6af0f5120d131e232a9a9af79",
    "https://esm.sh/whatwg-url@5.0.0?target=denonext": "f001a2cadf81312d214ca330033f474e74d81a003e21e8c5d70a1f46dc97b02d"
  },
  "workspace": {
    "packageJson": {
      "dependencies": [
        "npm:@eslint/js@^9.9.0",
        "npm:@hookform/resolvers@^3.9.0",
        "npm:@radix-ui/react-accordion@^1.2.0",
        "npm:@radix-ui/react-alert-dialog@^1.1.1",
        "npm:@radix-ui/react-aspect-ratio@^1.1.0",
        "npm:@radix-ui/react-avatar@^1.1.0",
        "npm:@radix-ui/react-checkbox@^1.1.1",
        "npm:@radix-ui/react-collapsible@^1.1.0",
        "npm:@radix-ui/react-context-menu@^2.2.1",
        "npm:@radix-ui/react-dialog@^1.1.2",
        "npm:@radix-ui/react-dropdown-menu@^2.1.1",
        "npm:@radix-ui/react-hover-card@^1.1.1",
        "npm:@radix-ui/react-label@^2.1.0",
        "npm:@radix-ui/react-menubar@^1.1.1",
        "npm:@radix-ui/react-navigation-menu@^1.2.0",
        "npm:@radix-ui/react-popover@^1.1.1",
        "npm:@radix-ui/react-progress@^1.1.0",
        "npm:@radix-ui/react-radio-group@^1.2.0",
        "npm:@radix-ui/react-scroll-area@^1.1.0",
        "npm:@radix-ui/react-select@^2.1.1",
        "npm:@radix-ui/react-separator@^1.1.0",
        "npm:@radix-ui/react-slider@^1.2.0",
        "npm:@radix-ui/react-slot@^1.1.0",
        "npm:@radix-ui/react-switch@^1.1.0",
        "npm:@radix-ui/react-tabs@^1.1.0",
        "npm:@radix-ui/react-toast@^1.2.1",
        "npm:@radix-ui/react-toggle-group@^1.1.0",
        "npm:@radix-ui/react-toggle@^1.1.0",
        "npm:@radix-ui/react-tooltip@^1.1.4",
        "npm:@supabase/supabase-js@^2.52.0",
        "npm:@tailwindcss/typography@~0.5.15",
        "npm:@tanstack/react-query@^5.56.2",
        "npm:@types/node@^22.5.5",
        "npm:@types/react-dom@^18.3.0",
        "npm:@types/react@^18.3.3",
        "npm:@vitejs/plugin-react-swc@^3.5.0",
        "npm:autoprefixer@^10.4.20",
        "npm:class-variance-authority@~0.7.1",
        "npm:clsx@^2.1.1",
        "npm:cmdk@1",
        "npm:date-fns@^3.6.0",
        "npm:embla-carousel-react@^8.3.0",
        "npm:eslint-plugin-react-hooks@^5.1.0-rc.0",
        "npm:eslint-plugin-react-refresh@~0.4.9",
        "npm:eslint@^9.9.0",
        "npm:globals@^15.9.0",
        "npm:input-otp@^1.2.4",
        "npm:lovable-tagger@^1.1.7",
        "npm:lucide-react@0.462",
        "npm:next-themes@~0.4.6",
        "npm:postcss@^8.4.47",
        "npm:react-day-picker@^8.10.1",
        "npm:react-dom@^18.3.1",
        "npm:react-hook-form@^7.53.0",
        "npm:react-resizable-panels@^2.1.3",
        "npm:react-router-dom@^6.26.2",
        "npm:react@^18.3.1",
        "npm:recharts@^2.12.7",
        "npm:sonner@^1.5.0",
        "npm:tailwind-merge@^2.5.2",
        "npm:tailwindcss-animate@^1.0.7",
        "npm:tailwindcss@^3.4.11",
        "npm:typescript-eslint@^8.0.1",
        "npm:typescript@^5.5.3",
        "npm:vaul@~0.9.3",
        "npm:vite@^5.4.1",
        "npm:zod@^3.23.8"
      ]
    }
  }
}
